
Microsoft Visual Studio Solution File, Format Version 12.00
# Visual Studio Version 17
VisualStudioVersion = 17.0.31903.59
MinimumVisualStudioVersion = 10.0.40219.1
Project("{2150E333-8FDC-42A3-9474-1A3956D46DE8}") = "Source", "Source", "{B8EFCA5F-814F-285C-A8CB-F00F14650265}"
EndProject
Project("{FAE04EC0-301F-11D3-BF4B-00C04F79EFBC}") = "HttpsRichardy.Mapping", "Source\HttpsRichardy.Mapping.csproj", "{3B09B49A-C9C6-4005-8FC1-95948F6CBEAF}"
EndProject
Global
	GlobalSection(SolutionConfigurationPlatforms) = preSolution
		Debug|Any CPU = Debug|Any CPU
		Debug|x64 = Debug|x64
		Debug|x86 = Debug|x86
		Release|Any CPU = Release|Any CPU
		Release|x64 = Release|x64
		Release|x86 = Release|x86
	EndGlobalSection
	GlobalSection(ProjectConfigurationPlatforms) = postSolution
		{3B09B49A-C9C6-4005-8FC1-95948F6CBEAF}.Debug|Any CPU.ActiveCfg = Debug|Any CPU
		{3B09B49A-C9C6-4005-8FC1-95948F6CBEAF}.Debug|Any CPU.Build.0 = Debug|Any CPU
		{3B09B49A-C9C6-4005-8FC1-95948F6CBEAF}.Debug|x64.ActiveCfg = Debug|Any CPU
		{3B09B49A-C9C6-4005-8FC1-95948F6CBEAF}.Debug|x64.Build.0 = Debug|Any CPU
		{3B09B49A-C9C6-4005-8FC1-95948F6CBEAF}.Debug|x86.ActiveCfg = Debug|Any CPU
		{3B09B49A-C9C6-4005-8FC1-95948F6CBEAF}.Debug|x86.Build.0 = Debug|Any CPU
		{3B09B49A-C9C6-4005-8FC1-95948F6CBEAF}.Release|Any CPU.ActiveCfg = Release|Any CPU
		{3B09B49A-C9C6-4005-8FC1-95948F6CBEAF}.Release|Any CPU.Build.0 = Release|Any CPU
		{3B09B49A-C9C6-4005-8FC1-95948F6CBEAF}.Release|x64.ActiveCfg = Release|Any CPU
		{3B09B49A-C9C6-4005-8FC1-95948F6CBEAF}.Release|x64.Build.0 = Release|Any CPU
		{3B09B49A-C9C6-4005-8FC1-95948F6CBEAF}.Release|x86.ActiveCfg = Release|Any CPU
		{3B09B49A-C9C6-4005-8FC1-95948F6CBEAF}.Release|x86.Build.0 = Release|Any CPU
	EndGlobalSection
	GlobalSection(SolutionProperties) = preSolution
		HideSolutionNode = FALSE
	EndGlobalSection
	GlobalSection(NestedProjects) = preSolution
		{3B09B49A-C9C6-4005-8FC1-95948F6CBEAF} = {B8EFCA5F-814F-285C-A8CB-F00F14650265}
	EndGlobalSection
EndGlobal
